
Microsoft Visual Studio Solution File, Format Version 12.00
# Visual Studio Version 17
VisualStudioVersion = 17.14.36429.23
MinimumVisualStudioVersion = 10.0.40219.1
Project("{8BC9CEB8-8B4A-11D0-8D11-00A0C91BC942}") = "07_TwoDementionArray", "07_TwoDementionArray\07_TwoDementionArray.vcxproj", "{0D5707FA-5606-49A9-A1D0-B91FE18F30BA}"
EndProject
Project("{8BC9CEB8-8B4A-11D0-8D11-00A0C91BC942}") = "04_EnumCycles", "04_EnumCycles\04_EnumCycles.vcxproj", "{FEEF4767-774C-4ACF-A6EC-98CBFF759F10}"
EndProject
Project("{8BC9CEB8-8B4A-11D0-8D11-00A0C91BC942}") = "04_EnumCycles_hw", "04_EnumCycles_hw\04_EnumCycles_hw.vcxproj", "{1CAE24BA-DAD6-4C0D-B98D-2C89A11C5A5E}"
EndProject
Project("{8BC9CEB8-8B4A-11D0-8D11-00A0C91BC942}") = "06_Array", "06_Array\06_Array.vcxproj", "{C053E0F0-7853-4323-96DB-7E56DAA652B9}"
EndProject
Project("{8BC9CEB8-8B4A-11D0-8D11-00A0C91BC942}") = "10_LinearSearchSort", "10_LinearSearchSort\10_LinearSearchSort.vcxproj", "{302848D4-F14F-4B6A-956E-9335EEFF154B}"
EndProject
Project("{8BC9CEB8-8B4A-11D0-8D11-00A0C91BC942}") = "08_Function", "08_Function\08_Function.vcxproj", "{22431860-F60B-4450-808A-49DCE4D549B8}"
EndProject
Project("{8BC9CEB8-8B4A-11D0-8D11-00A0C91BC942}") = "08_Function_Hw", "08_Function_Hw\08_Function_Hw.vcxproj", "{0731E1C6-6A20-47F7-8AFB-D85D01CD95DC}"
EndProject
Project("{8BC9CEB8-8B4A-11D0-8D11-00A0C91BC942}") = "10_LinearSearchSort_Pr", "10_LinearSearchSort_Pr\10_LinearSearchSort_Pr.vcxproj", "{38A7913B-08B6-44BC-BDB9-C0787C261626}"
EndProject
Project("{8BC9CEB8-8B4A-11D0-8D11-00A0C91BC942}") = "09_TemplateFunction", "09_TemplateFunction\09_TemplateFunction.vcxproj", "{987A076C-89A5-4482-85CA-F9D1841E0411}"
EndProject
Project("{8BC9CEB8-8B4A-11D0-8D11-00A0C91BC942}") = "06_Array_Hw", "06_Array_Hw\06_Array_Hw.vcxproj", "{6F5270C6-E343-4CBB-8CC2-23C6F9723F20}"
EndProject
Project("{8BC9CEB8-8B4A-11D0-8D11-00A0C91BC942}") = "11_Recursion_QuickSort", "11_Recursion_QuickSort\11_Recursion_QuickSort.vcxproj", "{8EF3AA70-9BB7-455C-AB61-B75CC81015A5}"
EndProject
Global
	GlobalSection(SolutionConfigurationPlatforms) = preSolution
		Debug|x64 = Debug|x64
		Debug|x86 = Debug|x86
		Release|x64 = Release|x64
		Release|x86 = Release|x86
	EndGlobalSection
	GlobalSection(ProjectConfigurationPlatforms) = postSolution
		{0D5707FA-5606-49A9-A1D0-B91FE18F30BA}.Debug|x64.ActiveCfg = Debug|x64
		{0D5707FA-5606-49A9-A1D0-B91FE18F30BA}.Debug|x64.Build.0 = Debug|x64
		{0D5707FA-5606-49A9-A1D0-B91FE18F30BA}.Debug|x86.ActiveCfg = Debug|Win32
		{0D5707FA-5606-49A9-A1D0-B91FE18F30BA}.Debug|x86.Build.0 = Debug|Win32
		{0D5707FA-5606-49A9-A1D0-B91FE18F30BA}.Release|x64.ActiveCfg = Release|x64
		{0D5707FA-5606-49A9-A1D0-B91FE18F30BA}.Release|x64.Build.0 = Release|x64
		{0D5707FA-5606-49A9-A1D0-B91FE18F30BA}.Release|x86.ActiveCfg = Release|Win32
		{0D5707FA-5606-49A9-A1D0-B91FE18F30BA}.Release|x86.Build.0 = Release|Win32
		{FEEF4767-774C-4ACF-A6EC-98CBFF759F10}.Debug|x64.ActiveCfg = Debug|x64
		{FEEF4767-774C-4ACF-A6EC-98CBFF759F10}.Debug|x64.Build.0 = Debug|x64
		{FEEF4767-774C-4ACF-A6EC-98CBFF759F10}.Debug|x86.ActiveCfg = Debug|Win32
		{FEEF4767-774C-4ACF-A6EC-98CBFF759F10}.Debug|x86.Build.0 = Debug|Win32
		{FEEF4767-774C-4ACF-A6EC-98CBFF759F10}.Release|x64.ActiveCfg = Release|x64
		{FEEF4767-774C-4ACF-A6EC-98CBFF759F10}.Release|x64.Build.0 = Release|x64
		{FEEF4767-774C-4ACF-A6EC-98CBFF759F10}.Release|x86.ActiveCfg = Release|Win32
		{FEEF4767-774C-4ACF-A6EC-98CBFF759F10}.Release|x86.Build.0 = Release|Win32
		{1CAE24BA-DAD6-4C0D-B98D-2C89A11C5A5E}.Debug|x64.ActiveCfg = Debug|x64
		{1CAE24BA-DAD6-4C0D-B98D-2C89A11C5A5E}.Debug|x64.Build.0 = Debug|x64
		{1CAE24BA-DAD6-4C0D-B98D-2C89A11C5A5E}.Debug|x86.ActiveCfg = Debug|Win32
		{1CAE24BA-DAD6-4C0D-B98D-2C89A11C5A5E}.Debug|x86.Build.0 = Debug|Win32
		{1CAE24BA-DAD6-4C0D-B98D-2C89A11C5A5E}.Release|x64.ActiveCfg = Release|x64
		{1CAE24BA-DAD6-4C0D-B98D-2C89A11C5A5E}.Release|x64.Build.0 = Release|x64
		{1CAE24BA-DAD6-4C0D-B98D-2C89A11C5A5E}.Release|x86.ActiveCfg = Release|Win32
		{1CAE24BA-DAD6-4C0D-B98D-2C89A11C5A5E}.Release|x86.Build.0 = Release|Win32
		{C053E0F0-7853-4323-96DB-7E56DAA652B9}.Debug|x64.ActiveCfg = Debug|x64
		{C053E0F0-7853-4323-96DB-7E56DAA652B9}.Debug|x64.Build.0 = Debug|x64
		{C053E0F0-7853-4323-96DB-7E56DAA652B9}.Debug|x86.ActiveCfg = Debug|Win32
		{C053E0F0-7853-4323-96DB-7E56DAA652B9}.Debug|x86.Build.0 = Debug|Win32
		{C053E0F0-7853-4323-96DB-7E56DAA652B9}.Release|x64.ActiveCfg = Release|x64
		{C053E0F0-7853-4323-96DB-7E56DAA652B9}.Release|x64.Build.0 = Release|x64
		{C053E0F0-7853-4323-96DB-7E56DAA652B9}.Release|x86.ActiveCfg = Release|Win32
		{C053E0F0-7853-4323-96DB-7E56DAA652B9}.Release|x86.Build.0 = Release|Win32
		{302848D4-F14F-4B6A-956E-9335EEFF154B}.Debug|x64.ActiveCfg = Debug|x64
		{302848D4-F14F-4B6A-956E-9335EEFF154B}.Debug|x64.Build.0 = Debug|x64
		{302848D4-F14F-4B6A-956E-9335EEFF154B}.Debug|x86.ActiveCfg = Debug|Win32
		{302848D4-F14F-4B6A-956E-9335EEFF154B}.Debug|x86.Build.0 = Debug|Win32
		{302848D4-F14F-4B6A-956E-9335EEFF154B}.Release|x64.ActiveCfg = Release|x64
		{302848D4-F14F-4B6A-956E-9335EEFF154B}.Release|x64.Build.0 = Release|x64
		{302848D4-F14F-4B6A-956E-9335EEFF154B}.Release|x86.ActiveCfg = Release|Win32
		{302848D4-F14F-4B6A-956E-9335EEFF154B}.Release|x86.Build.0 = Release|Win32
		{22431860-F60B-4450-808A-49DCE4D549B8}.Debug|x64.ActiveCfg = Debug|x64
		{22431860-F60B-4450-808A-49DCE4D549B8}.Debug|x64.Build.0 = Debug|x64
		{22431860-F60B-4450-808A-49DCE4D549B8}.Debug|x86.ActiveCfg = Debug|Win32
		{22431860-F60B-4450-808A-49DCE4D549B8}.Debug|x86.Build.0 = Debug|Win32
		{22431860-F60B-4450-808A-49DCE4D549B8}.Release|x64.ActiveCfg = Release|x64
		{22431860-F60B-4450-808A-49DCE4D549B8}.Release|x64.Build.0 = Release|x64
		{22431860-F60B-4450-808A-49DCE4D549B8}.Release|x86.ActiveCfg = Release|Win32
		{22431860-F60B-4450-808A-49DCE4D549B8}.Release|x86.Build.0 = Release|Win32
		{0731E1C6-6A20-47F7-8AFB-D85D01CD95DC}.Debug|x64.ActiveCfg = Debug|x64
		{0731E1C6-6A20-47F7-8AFB-D85D01CD95DC}.Debug|x64.Build.0 = Debug|x64
		{0731E1C6-6A20-47F7-8AFB-D85D01CD95DC}.Debug|x86.ActiveCfg = Debug|Win32
		{0731E1C6-6A20-47F7-8AFB-D85D01CD95DC}.Debug|x86.Build.0 = Debug|Win32
		{0731E1C6-6A20-47F7-8AFB-D85D01CD95DC}.Release|x64.ActiveCfg = Release|x64
		{0731E1C6-6A20-47F7-8AFB-D85D01CD95DC}.Release|x64.Build.0 = Release|x64
		{0731E1C6-6A20-47F7-8AFB-D85D01CD95DC}.Release|x86.ActiveCfg = Release|Win32
		{0731E1C6-6A20-47F7-8AFB-D85D01CD95DC}.Release|x86.Build.0 = Release|Win32
		{38A7913B-08B6-44BC-BDB9-C0787C261626}.Debug|x64.ActiveCfg = Debug|x64
		{38A7913B-08B6-44BC-BDB9-C0787C261626}.Debug|x64.Build.0 = Debug|x64
		{38A7913B-08B6-44BC-BDB9-C0787C261626}.Debug|x86.ActiveCfg = Debug|Win32
		{38A7913B-08B6-44BC-BDB9-C0787C261626}.Debug|x86.Build.0 = Debug|Win32
		{38A7913B-08B6-44BC-BDB9-C0787C261626}.Release|x64.ActiveCfg = Release|x64
		{38A7913B-08B6-44BC-BDB9-C0787C261626}.Release|x64.Build.0 = Release|x64
		{38A7913B-08B6-44BC-BDB9-C0787C261626}.Release|x86.ActiveCfg = Release|Win32
		{38A7913B-08B6-44BC-BDB9-C0787C261626}.Release|x86.Build.0 = Release|Win32
		{987A076C-89A5-4482-85CA-F9D1841E0411}.Debug|x64.ActiveCfg = Debug|x64
		{987A076C-89A5-4482-85CA-F9D1841E0411}.Debug|x64.Build.0 = Debug|x64
		{987A076C-89A5-4482-85CA-F9D1841E0411}.Debug|x86.ActiveCfg = Debug|Win32
		{987A076C-89A5-4482-85CA-F9D1841E0411}.Debug|x86.Build.0 = Debug|Win32
		{987A076C-89A5-4482-85CA-F9D1841E0411}.Release|x64.ActiveCfg = Release|x64
		{987A076C-89A5-4482-85CA-F9D1841E0411}.Release|x64.Build.0 = Release|x64
		{987A076C-89A5-4482-85CA-F9D1841E0411}.Release|x86.ActiveCfg = Release|Win32
		{987A076C-89A5-4482-85CA-F9D1841E0411}.Release|x86.Build.0 = Release|Win32
		{6F5270C6-E343-4CBB-8CC2-23C6F9723F20}.Debug|x64.ActiveCfg = Debug|x64
		{6F5270C6-E343-4CBB-8CC2-23C6F9723F20}.Debug|x64.Build.0 = Debug|x64
		{6F5270C6-E343-4CBB-8CC2-23C6F9723F20}.Debug|x86.ActiveCfg = Debug|Win32
		{6F5270C6-E343-4CBB-8CC2-23C6F9723F20}.Debug|x86.Build.0 = Debug|Win32
		{6F5270C6-E343-4CBB-8CC2-23C6F9723F20}.Release|x64.ActiveCfg = Release|x64
		{6F5270C6-E343-4CBB-8CC2-23C6F9723F20}.Release|x64.Build.0 = Release|x64
		{6F5270C6-E343-4CBB-8CC2-23C6F9723F20}.Release|x86.ActiveCfg = Release|Win32
		{6F5270C6-E343-4CBB-8CC2-23C6F9723F20}.Release|x86.Build.0 = Release|Win32
		{8EF3AA70-9BB7-455C-AB61-B75CC81015A5}.Debug|x64.ActiveCfg = Debug|x64
		{8EF3AA70-9BB7-455C-AB61-B75CC81015A5}.Debug|x64.Build.0 = Debug|x64
		{8EF3AA70-9BB7-455C-AB61-B75CC81015A5}.Debug|x86.ActiveCfg = Debug|Win32
		{8EF3AA70-9BB7-455C-AB61-B75CC81015A5}.Debug|x86.Build.0 = Debug|Win32
		{8EF3AA70-9BB7-455C-AB61-B75CC81015A5}.Release|x64.ActiveCfg = Release|x64
		{8EF3AA70-9BB7-455C-AB61-B75CC81015A5}.Release|x64.Build.0 = Release|x64
		{8EF3AA70-9BB7-455C-AB61-B75CC81015A5}.Release|x86.ActiveCfg = Release|Win32
		{8EF3AA70-9BB7-455C-AB61-B75CC81015A5}.Release|x86.Build.0 = Release|Win32
	EndGlobalSection
	GlobalSection(SolutionProperties) = preSolution
		HideSolutionNode = FALSE
	EndGlobalSection
	GlobalSection(ExtensibilityGlobals) = postSolution
		SolutionGuid = {112BDE85-8E95-4072-A4C4-13938741B13B}
	EndGlobalSection
EndGlobal
